// !$*UTF8*$!
{
	archiveVersion = 1;
	classes = {
	};
	objectVersion = 46;
	objects = {

/* Begin PBXBuildFile section */
		F60718151D41E34E00E85D1B /* AppDelegate.swift in Sources */ = {isa = PBXBuildFile; fileRef = F60718141D41E34E00E85D1B /* AppDelegate.swift */; };
		F60718171D41E34E00E85D1B /* ViewController.swift in Sources */ = {isa = PBXBuildFile; fileRef = F60718161D41E34E00E85D1B /* ViewController.swift */; };
		F607181A1D41E34E00E85D1B /* Main.storyboard in Resources */ = {isa = PBXBuildFile; fileRef = F60718181D41E34E00E85D1B /* Main.storyboard */; };
		F607181C1D41E34E00E85D1B /* Assets.xcassets in Resources */ = {isa = PBXBuildFile; fileRef = F607181B1D41E34E00E85D1B /* Assets.xcassets */; };
		F607181F1D41E34E00E85D1B /* LaunchScreen.storyboard in Resources */ = {isa = PBXBuildFile; fileRef = F607181D1D41E34E00E85D1B /* LaunchScreen.storyboard */; };
		F60718281D41EA7800E85D1B /* Book.swift in Sources */ = {isa = PBXBuildFile; fileRef = F60718261D41EA7800E85D1B /* Book.swift */; };
		F60718291D41EA7800E85D1B /* BookManager.swift in Sources */ = {isa = PBXBuildFile; fileRef = F60718271D41EA7800E85D1B /* BookManager.swift */; };
/* End PBXBuildFile section */

/* Begin PBXFileReference section */
		F60718111D41E34E00E85D1B /* VisualBookManager.app */ = {isa = PBXFileReference; explicitFileType = wrapper.application; includeInIndex = 0; path = VisualBookManager.app; sourceTree = BUILT_PRODUCTS_DIR; };
		F60718141D41E34E00E85D1B /* AppDelegate.swift */ = {isa = PBXFileReference; lastKnownFileType = sourcecode.swift; path = AppDelegate.swift; sourceTree = "<group>"; };
		F60718161D41E34E00E85D1B /* ViewController.swift */ = {isa = PBXFileReference; lastKnownFileType = sourcecode.swift; path = ViewController.swift; sourceTree = "<group>"; };
		F60718191D41E34E00E85D1B /* Base */ = {isa = PBXFileReference; lastKnownFileType = file.storyboard; name = Base; path = Base.lproj/Main.storyboard; sourceTree = "<group>"; };
		F607181B1D41E34E00E85D1B /* Assets.xcassets */ = {isa = PBXFileReference; lastKnownFileType = folder.assetcatalog; path = Assets.xcassets; sourceTree = "<group>"; };
		F607181E1D41E34E00E85D1B /* Base */ = {isa = PBXFileReference; lastKnownFileType = file.storyboard; name = Base; path = Base.lproj/LaunchScreen.storyboard; sourceTree = "<group>"; };
		F60718201D41E34E00E85D1B /* Info.plist */ = {isa = PBXFileReference; lastKnownFileType = text.plist.xml; path = Info.plist; sourceTree = "<group>"; };
		F60718261D41EA7800E85D1B /* Book.swift */ = {isa = PBXFileReference; fileEncoding = 4; lastKnownFileType = sourcecode.swift; path = Book.swift; sourceTree = "<group>"; };
		F60718271D41EA7800E85D1B /* BookManager.swift */ = {isa = PBXFileReference; fileEncoding = 4; lastKnownFileType = sourcecode.swift; path = BookManager.swift; sourceTree = "<group>"; };
/* End PBXFileReference section */

/* Begin PBXFrameworksBuildPhase section */
		F607180E1D41E34E00E85D1B /* Frameworks */ = {
			isa = PBXFrameworksBuildPhase;
			buildActionMask = 2147483647;
			files = (
			);
			runOnlyForDeploymentPostprocessing = 0;
		};
/* End PBXFrameworksBuildPhase section */

/* Begin PBXGroup section */
		F60718081D41E34E00E85D1B = {
			isa = PBXGroup;
			children = (
				F60718131D41E34E00E85D1B /* VisualBookManager */,
				F60718121D41E34E00E85D1B /* Products */,
			);
			sourceTree = "<group>";
		};
		F60718121D41E34E00E85D1B /* Products */ = {
			isa = PBXGroup;
			children = (
				F60718111D41E34E00E85D1B /* VisualBookManager.app */,
			);
			name = Products;
			sourceTree = "<group>";
		};
		F60718131D41E34E00E85D1B /* VisualBookManager */ = {
			isa = PBXGroup;
			children = (
				F60718261D41EA7800E85D1B /* Book.swift */,
				F60718271D41EA7800E85D1B /* BookManager.swift */,
				F60718141D41E34E00E85D1B /* AppDelegate.swift */,
				F60718161D41E34E00E85D1B /* ViewController.swift */,
				F60718181D41E34E00E85D1B /* Main.storyboard */,
				F607181B1D41E34E00E85D1B /* Assets.xcassets */,
				F607181D1D41E34E00E85D1B /* LaunchScreen.storyboard */,
				F60718201D41E34E00E85D1B /* Info.plist */,
			);
			path = VisualBookManager;
			sourceTree = "<group>";
		};
/* End PBXGroup section */

/* Begin PBXNativeTarget section */
		F60718101D41E34E00E85D1B /* VisualBookManager */ = {
			isa = PBXNativeTarget;
			buildConfigurationList = F60718231D41E34E00E85D1B /* Build configuration list for PBXNativeTarget "VisualBookManager" */;
			buildPhases = (
				F607180D1D41E34E00E85D1B /* Sources */,
				F607180E1D41E34E00E85D1B /* Frameworks */,
				F607180F1D41E34E00E85D1B /* Resources */,
			);
			buildRules = (
			);
			dependencies = (
			);
			name = VisualBookManager;
			productName = VisualBookManager;
			productReference = F60718111D41E34E00E85D1B /* VisualBookManager.app */;
			productType = "com.apple.product-type.application";
		};
/* End PBXNativeTarget section */

/* Begin PBXProject section */
		F60718091D41E34E00E85D1B /* Project object */ = {
			isa = PBXProject;
			attributes = {
				LastSwiftUpdateCheck = 0730;
				LastUpgradeCheck = 0730;
				ORGANIZATIONNAME = "aweek-jo";
				TargetAttributes = {
					F60718101D41E34E00E85D1B = {
						CreatedOnToolsVersion = 7.3.1;
					};
				};
			};
			buildConfigurationList = F607180C1D41E34E00E85D1B /* Build configuration list for PBXProject "VisualBookManager" */;
			compatibilityVersion = "Xcode 3.2";
			developmentRegion = English;
			hasScannedForEncodings = 0;
			knownRegions = (
				en,
				Base,
			);
			mainGroup = F60718081D41E34E00E85D1B;
			productRefGroup = F60718121D41E34E00E85D1B /* Products */;
			projectDirPath = "";
			projectRoot = "";
			targets = (
				F60718101D41E34E00E85D1B /* VisualBookManager */,
			);
		};
/* End PBXProject section */

/* Begin PBXResourcesBuildPhase section */
		F607180F1D41E34E00E85D1B /* Resources */ = {
			isa = PBXResourcesBuildPhase;
			buildActionMask = 2147483647;
			files = (
				F607181F1D41E34E00E85D1B /* LaunchScreen.storyboard in Resources */,
				F607181C1D41E34E00E85D1B /* Assets.xcassets in Resources */,
				F607181A1D41E34E00E85D1B /* Main.storyboard in Resources */,
			);
			runOnlyForDeploymentPostprocessing = 0;
		};
/* End PBXResourcesBuildPhase section */

/* Begin PBXSourcesBuildPhase section */
		F607180D1D41E34E00E85D1B /* Sources */ = {
			isa = PBXSourcesBuildPhase;
			buildActionMask = 2147483647;
			files = (
				F60718171D41E34E00E85D1B /* ViewController.swift in Sources */,
				F60718151D41E34E00E85D1B /* AppDelegate.swift in Sources */,
				F60718291D41EA7800E85D1B /* BookManager.swift in Sources */,
				F60718281D41EA7800E85D1B /* Book.swift in Sources */,
			);
			runOnlyForDeploymentPostprocessing = 0;
		};
/* End PBXSourcesBuildPhase section */

/* Begin PBXVariantGroup section */
		F60718181D41E34E00E85D1B /* Main.storyboard */ = {
			isa = PBXVariantGroup;
			children = (
				F60718191D41E34E00E85D1B /* Base */,
			);
			name = Main.storyboard;
			sourceTree = "<group>";
		};
		F607181D1D41E34E00E85D1B /* LaunchScreen.storyboard */ = {
			isa = PBXVariantGroup;
			children = (
				F607181E1D41E34E00E85D1B /* Base */,
			);
			name = LaunchScreen.storyboard;
			sourceTree = "<group>";
		};
/* End PBXVariantGroup section */

/* Begin XCBuildConfiguration section */
		F60718211D41E34E00E85D1B /* Debug */ = {
			isa = XCBuildConfiguration;
			buildSettings = {
				ALWAYS_SEARCH_USER_PATHS = NO;
				CLANG_ANALYZER_NONNULL = YES;
				CLANG_CXX_LANGUAGE_STANDARD = "gnu++0x";
				CLANG_CXX_LIBRARY = "libc++";
				CLANG_ENABLE_MODULES = YES;
				CLANG_ENABLE_OBJC_ARC = YES;
				CLANG_WARN_BOOL_CONVERSION = YES;
				CLANG_WARN_CONSTANT_CONVERSION = YES;
				CLANG_WARN_DIRECT_OBJC_ISA_USAGE = YES_ERROR;
				CLANG_WARN_EMPTY_BODY = YES;
				CLANG_WARN_ENUM_CONVERSION = YES;
				CLANG_WARN_INT_CONVERSION = YES;
				CLANG_WARN_OBJC_ROOT_CLASS = YES_ERROR;
				CLANG_WARN_UNREACHABLE_CODE = YES;
				CLANG_WARN__DUPLICATE_METHOD_MATCH = YES;
				"CODE_SIGN_IDENTITY[sdk=iphoneos*]" = "iPhone Developer";
				COPY_PHASE_STRIP = NO;
				DEBUG_INFORMATION_FORMAT = dwarf;
				ENABLE_STRICT_OBJC_MSGSEND = YES;
				ENABLE_TESTABILITY = YES;
				GCC_C_LANGUAGE_STANDARD = gnu99;
				GCC_DYNAMIC_NO_PIC = NO;
				GCC_NO_COMMON_BLOCKS = YES;
				GCC_OPTIMIZATION_LEVEL = 0;
				GCC_PREPROCESSOR_DEFINITIONS = (
					"DEBUG=1",
					"$(inherited)",
				);
				GCC_WARN_64_TO_32_BIT_CONVERSION = YES;
				GCC_WARN_ABOUT_RETURN_TYPE = YES_ERROR;
				GCC_WARN_UNDECLARED_SELECTOR = YES;
				GCC_WARN_UNINITIALIZED_AUTOS = YES_AGGRESSIVE;
				GCC_WARN_UNUSED_FUNCTION = YES;
				GCC_WARN_UNUSED_VARIABLE = YES;
				IPHONEOS_DEPLOYMENT_TARGET = 9.3;
				MTL_ENABLE_DEBUG_INFO = YES;
				ONLY_ACTIVE_ARCH = YES;
				SDKROOT = iphoneos;
				SWIFT_OPTIMIZATION_LEVEL = "-Onone";
			};
			name = Debug;
		};
		F60718221D41E34E00E85D1B /* Release */ = {
			isa = XCBuildConfiguration;
			buildSettings = {
				ALWAYS_SEARCH_USER_PATHS = NO;
				CLANG_ANALYZER_NONNULL = YES;
				CLANG_CXX_LANGUAGE_STANDARD = "gnu++0x";
				CLANG_CXX_LIBRARY = "libc++";
				CLANG_ENABLE_MODULES = YES;
				CLANG_ENABLE_OBJC_ARC = YES;
				CLANG_WARN_BOOL_CONVERSION = YES;
				CLANG_WARN_CONSTANT_CONVERSION = YES;
				CLANG_WARN_DIRECT_OBJC_ISA_USAGE = YES_ERROR;
				CLANG_WARN_EMPTY_BODY = YES;
				CLANG_WARN_ENUM_CONVERSION = YES;
				CLANG_WARN_INT_CONVERSION = YES;
				CLANG_WARN_OBJC_ROOT_CLASS = YES_ERROR;
				CLANG_WARN_UNREACHABLE_CODE = YES;
				CLANG_WARN__DUPLICATE_METHOD_MATCH = YES;
				"CODE_SIGN_IDENTITY[sdk=iphoneos*]" = "iPhone Developer";
				COPY_PHASE_STRIP = NO;
				DEBUG_INFORMATION_FORMAT = "dwarf-with-dsym";
				ENABLE_NS_ASSERTIONS = NO;
				ENABLE_STRICT_OBJC_MSGSEND = YES;
				GCC_C_LANGUAGE_STANDARD = gnu99;
				GCC_NO_COMMON_BLOCKS = YES;
				GCC_WARN_64_TO_32_BIT_CONVERSION = YES;
				GCC_WARN_ABOUT_RETURN_TYPE = YES_ERROR;
				GCC_WARN_UNDECLARED_SELECTOR = YES;
				GCC_WARN_UNINITIALIZED_AUTOS = YES_AGGRESSIVE;
				GCC_WARN_UNUSED_FUNCTION = YES;
				GCC_WARN_UNUSED_VARIABLE = YES;
				IPHONEOS_DEPLOYMENT_TARGET = 9.3;
				MTL_ENABLE_DEBUG_INFO = NO;
				SDKROOT = iphoneos;
				VALIDATE_PRODUCT = YES;
			};
			name = Release;
		};
		F60718241D41E34E00E85D1B /* Debug */ = {
			isa = XCBuildConfiguration;
			buildSettings = {
				ASSETCATALOG_COMPILER_APPICON_NAME = AppIcon;
				CODE_SIGN_IDENTITY = "iPhone Developer";
				INFOPLIST_FILE = VisualBookManager/Info.plist;
				LD_RUNPATH_SEARCH_PATHS = "$(inherited) @executable_path/Frameworks";
				PRODUCT_BUNDLE_IDENTIFIER = "com.aweek-jo.VisualBookManager";
				PRODUCT_NAME = "$(TARGET_NAME)";
			};
			name = Debug;
		};
		F60718251D41E34E00E85D1B /* Release */ = {
			isa = XCBuildConfiguration;
			buildSettings = {
				ASSETCATALOG_COMPILER_APPICON_NAME = AppIcon;
				CODE_SIGN_IDENTITY = "iPhone Developer";
				INFOPLIST_FILE = VisualBookManager/Info.plist;
				LD_RUNPATH_SEARCH_PATHS = "$(inherited) @executable_path/Frameworks";
				PRODUCT_BUNDLE_IDENTIFIER = "com.aweek-jo.VisualBookManager";
				PRODUCT_NAME = "$(TARGET_NAME)";
			};
			name = Release;
		};
/* End XCBuildConfiguration section */

/* Begin XCConfigurationList section */
		F607180C1D41E34E00E85D1B /* Build configuration list for PBXProject "VisualBookManager" */ = {
			isa = XCConfigurationList;
			buildConfigurations = (
				F60718211D41E34E00E85D1B /* Debug */,
				F60718221D41E34E00E85D1B /* Release */,
			);
			defaultConfigurationIsVisible = 0;
			defaultConfigurationName = Release;
		};
		F60718231D41E34E00E85D1B /* Build configuration list for PBXNativeTarget "VisualBookManager" */ = {
			isa = XCConfigurationList;
			buildConfigurations = (
				F60718241D41E34E00E85D1B /* Debug */,
				F60718251D41E34E00E85D1B /* Release */,
			);
			defaultConfigurationIsVisible = 0;
			defaultConfigurationName = Release;
		};
/* End XCConfigurationList section */
	};
	rootObject = F60718091D41E34E00E85D1B /* Project object */;
}
